
Microsoft Visual Studio Solution File, Format Version 12.00
# Visual Studio Version 17
VisualStudioVersion = 17.13.35931.197 d17.13
MinimumVisualStudioVersion = 10.0.40219.1
Project("{FAE04EC0-301F-11D3-BF4B-00C04F79EFBC}") = "IndustryProject", "IndustryProject.csproj", "{FB7896E1-546E-4A61-B251-656FA818967D}"
EndProject
Global
	GlobalSection(SolutionConfigurationPlatforms) = preSolution
		Debug|Any CPU = Debug|Any CPU
		Release|Any CPU = Release|Any CPU
	EndGlobalSection
	GlobalSection(ProjectConfigurationPlatforms) = postSolution
		{FB7896E1-546E-4A61-B251-656FA818967D}.Debug|Any CPU.ActiveCfg = Debug|Any CPU
		{FB7896E1-546E-4A61-B251-656FA818967D}.Debug|Any CPU.Build.0 = Debug|Any CPU
		{FB7896E1-546E-4A61-B251-656FA818967D}.Release|Any CPU.ActiveCfg = Release|Any CPU
		{FB7896E1-546E-4A61-B251-656FA818967D}.Release|Any CPU.Build.0 = Release|Any CPU
	EndGlobalSection
	GlobalSection(SolutionProperties) = preSolution
		HideSolutionNode = FALSE
	EndGlobalSection
	GlobalSection(ExtensibilityGlobals) = postSolution
		SolutionGuid = {0A3992EB-5A93-43D4-B6FC-A271383E0670}
	EndGlobalSection
EndGlobal
